
Microsoft Visual Studio Solution File, Format Version 12.00
# Visual Studio Version 16
VisualStudioVersion = 16.0.30804.86
MinimumVisualStudioVersion = 10.0.40219.1
Project("{9A19103F-16F7-4668-BE54-9A1E7A4F7556}") = "Camp", "Camp\Camp.csproj", "{1248DD67-2FCC-4B86-9062-380B9169D8F8}"
EndProject
Global
	GlobalSection(SolutionConfigurationPlatforms) = preSolution
		Debug|Any CPU = Debug|Any CPU
		Release|Any CPU = Release|Any CPU
	EndGlobalSection
	GlobalSection(ProjectConfigurationPlatforms) = postSolution
		{1248DD67-2FCC-4B86-9062-380B9169D8F8}.Debug|Any CPU.ActiveCfg = Debug|Any CPU
		{1248DD67-2FCC-4B86-9062-380B9169D8F8}.Debug|Any CPU.Build.0 = Debug|Any CPU
		{1248DD67-2FCC-4B86-9062-380B9169D8F8}.Release|Any CPU.ActiveCfg = Release|Any CPU
		{1248DD67-2FCC-4B86-9062-380B9169D8F8}.Release|Any CPU.Build.0 = Release|Any CPU
	EndGlobalSection
	GlobalSection(SolutionProperties) = preSolution
		HideSolutionNode = FALSE
	EndGlobalSection
	GlobalSection(ExtensibilityGlobals) = postSolution
		SolutionGuid = {B81C1FE5-1297-4290-A522-16BF0963407A}
	EndGlobalSection
EndGlobal
